
Microsoft Visual Studio Solution File, Format Version 12.00
# Visual Studio Version 17
VisualStudioVersion = 17.9.34902.65
MinimumVisualStudioVersion = 10.0.40219.1
Project("{FAE04EC0-301F-11D3-BF4B-00C04F79EFBC}") = "NZWalks.API", "NZWalks.API\NZWalks.API.csproj", "{D212A45D-6625-49E4-BF96-0300A2A68945}"
EndProject
Global
	GlobalSection(SolutionConfigurationPlatforms) = preSolution
		Debug|Any CPU = Debug|Any CPU
		Release|Any CPU = Release|Any CPU
	EndGlobalSection
	GlobalSection(ProjectConfigurationPlatforms) = postSolution
		{D212A45D-6625-49E4-BF96-0300A2A68945}.Debug|Any CPU.ActiveCfg = Debug|Any CPU
		{D212A45D-6625-49E4-BF96-0300A2A68945}.Debug|Any CPU.Build.0 = Debug|Any CPU
		{D212A45D-6625-49E4-BF96-0300A2A68945}.Release|Any CPU.ActiveCfg = Release|Any CPU
		{D212A45D-6625-49E4-BF96-0300A2A68945}.Release|Any CPU.Build.0 = Release|Any CPU
	EndGlobalSection
	GlobalSection(SolutionProperties) = preSolution
		HideSolutionNode = FALSE
	EndGlobalSection
	GlobalSection(ExtensibilityGlobals) = postSolution
		SolutionGuid = {C2CBBE54-1302-4FE4-9995-828A07C05159}
	EndGlobalSection
EndGlobal
